# THIS IS AN AUTOGENERATED FILE. DO NOT EDIT THIS FILE DIRECTLY.
# yarn lockfile v1


lodash@>=0.9.1:
  version "4.17.5"
  resolved "https://registry.yarnpkg.com/lodash/-/lodash-4.17.5.tgz#99a92d65c0272debe8c96b6057bc8fbfa3bed511"

meetup@^0.1.0-SNAPSHOT:
  version "0.1.0-SNAPSHOT"
  resolved "https://registry.yarnpkg.com/meetup/-/meetup-0.1.0-SNAPSHOT.tgz#7315c66642ca45e5f0b193eab5a1501413a1c48f"
  dependencies:
    lodash ">=0.9.1"
    oauth ">=0.8.4"

oauth@>=0.8.4:
  version "0.9.15"
  resolved "https://registry.yarnpkg.com/oauth/-/oauth-0.9.15.tgz#bd1fefaf686c96b75475aed5196412ff60cfb9c1"
